
Microsoft Visual Studio Solution File, Format Version 12.00
# Visual Studio 15
VisualStudioVersion = 15.0.28010.2003
MinimumVisualStudioVersion = 10.0.40219.1
Project("{FAE04EC0-301F-11D3-BF4B-00C04F79EFBC}") = "RPG Game", "RPG Game\RPG Game.csproj", "{6F7CD683-A416-4E88-AD4C-07A99AA7CA67}"
EndProject
Project("{FAE04EC0-301F-11D3-BF4B-00C04F79EFBC}") = "Engine", "Engine\Engine.csproj", "{82978DC0-D3E4-4A27-9AF2-ABBEA9B5A5C6}"
EndProject
Global
	GlobalSection(SolutionConfigurationPlatforms) = preSolution
		Debug|Any CPU = Debug|Any CPU
		Release|Any CPU = Release|Any CPU
	EndGlobalSection
	GlobalSection(ProjectConfigurationPlatforms) = postSolution
		{6F7CD683-A416-4E88-AD4C-07A99AA7CA67}.Debug|Any CPU.ActiveCfg = Debug|Any CPU
		{6F7CD683-A416-4E88-AD4C-07A99AA7CA67}.Debug|Any CPU.Build.0 = Debug|Any CPU
		{6F7CD683-A416-4E88-AD4C-07A99AA7CA67}.Release|Any CPU.ActiveCfg = Release|Any CPU
		{6F7CD683-A416-4E88-AD4C-07A99AA7CA67}.Release|Any CPU.Build.0 = Release|Any CPU
		{82978DC0-D3E4-4A27-9AF2-ABBEA9B5A5C6}.Debug|Any CPU.ActiveCfg = Debug|Any CPU
		{82978DC0-D3E4-4A27-9AF2-ABBEA9B5A5C6}.Debug|Any CPU.Build.0 = Debug|Any CPU
		{82978DC0-D3E4-4A27-9AF2-ABBEA9B5A5C6}.Release|Any CPU.ActiveCfg = Release|Any CPU
		{82978DC0-D3E4-4A27-9AF2-ABBEA9B5A5C6}.Release|Any CPU.Build.0 = Release|Any CPU
	EndGlobalSection
	GlobalSection(SolutionProperties) = preSolution
		HideSolutionNode = FALSE
	EndGlobalSection
	GlobalSection(ExtensibilityGlobals) = postSolution
		SolutionGuid = {D9F01590-1DB1-40FD-B4E5-139BBA91DA66}
	EndGlobalSection
EndGlobal
